
Microsoft Visual Studio Solution File, Format Version 12.00
# Visual Studio Version 16
VisualStudioVersion = 16.0.31515.178
MinimumVisualStudioVersion = 10.0.40219.1
Project("{2150E333-8FDC-42A3-9474-1A3956D46DE8}") = "1.1- Testes Basicos", "1.1- Testes Basicos", "{C2A9E932-52C2-442F-B442-DEF0C02C489F}"
EndProject
Project("{FAE04EC0-301F-11D3-BF4B-00C04F79EFBC}") = "Demo", "1.1- Testes Basicos\Demo\Demo.csproj", "{374CDC6F-EAC3-46D6-8F27-D3EB10708725}"
EndProject
Project("{FAE04EC0-301F-11D3-BF4B-00C04F79EFBC}") = "Demo.Tests", "1.1- Testes Basicos\Demo.Tests\Demo.Tests.csproj", "{3679816A-2347-4AAB-B217-29EB10E2E2DD}"
EndProject
Global
	GlobalSection(SolutionConfigurationPlatforms) = preSolution
		Debug|Any CPU = Debug|Any CPU
		Release|Any CPU = Release|Any CPU
	EndGlobalSection
	GlobalSection(ProjectConfigurationPlatforms) = postSolution
		{374CDC6F-EAC3-46D6-8F27-D3EB10708725}.Debug|Any CPU.ActiveCfg = Debug|Any CPU
		{374CDC6F-EAC3-46D6-8F27-D3EB10708725}.Debug|Any CPU.Build.0 = Debug|Any CPU
		{374CDC6F-EAC3-46D6-8F27-D3EB10708725}.Release|Any CPU.ActiveCfg = Release|Any CPU
		{374CDC6F-EAC3-46D6-8F27-D3EB10708725}.Release|Any CPU.Build.0 = Release|Any CPU
		{3679816A-2347-4AAB-B217-29EB10E2E2DD}.Debug|Any CPU.ActiveCfg = Debug|Any CPU
		{3679816A-2347-4AAB-B217-29EB10E2E2DD}.Debug|Any CPU.Build.0 = Debug|Any CPU
		{3679816A-2347-4AAB-B217-29EB10E2E2DD}.Release|Any CPU.ActiveCfg = Release|Any CPU
		{3679816A-2347-4AAB-B217-29EB10E2E2DD}.Release|Any CPU.Build.0 = Release|Any CPU
	EndGlobalSection
	GlobalSection(SolutionProperties) = preSolution
		HideSolutionNode = FALSE
	EndGlobalSection
	GlobalSection(NestedProjects) = preSolution
		{374CDC6F-EAC3-46D6-8F27-D3EB10708725} = {C2A9E932-52C2-442F-B442-DEF0C02C489F}
		{3679816A-2347-4AAB-B217-29EB10E2E2DD} = {C2A9E932-52C2-442F-B442-DEF0C02C489F}
	EndGlobalSection
	GlobalSection(ExtensibilityGlobals) = postSolution
		SolutionGuid = {2DA197A2-426F-4CF7-A6AE-89B49D889F00}
	EndGlobalSection
EndGlobal
